
Microsoft Visual Studio Solution File, Format Version 12.00
# Visual Studio 15
VisualStudioVersion = 15.0.27130.2027
MinimumVisualStudioVersion = 10.0.40219.1
Project("{FAE04EC0-301F-11D3-BF4B-00C04F79EFBC}") = "PersonregisterToJSON", "PersonregisterToJSON\PersonregisterToJSON.csproj", "{8C7B0807-45D8-4516-8A49-0725A799A6C1}"
EndProject
Global
	GlobalSection(SolutionConfigurationPlatforms) = preSolution
		Debug|Any CPU = Debug|Any CPU
		Release|Any CPU = Release|Any CPU
	EndGlobalSection
	GlobalSection(ProjectConfigurationPlatforms) = postSolution
		{8C7B0807-45D8-4516-8A49-0725A799A6C1}.Debug|Any CPU.ActiveCfg = Debug|Any CPU
		{8C7B0807-45D8-4516-8A49-0725A799A6C1}.Debug|Any CPU.Build.0 = Debug|Any CPU
		{8C7B0807-45D8-4516-8A49-0725A799A6C1}.Release|Any CPU.ActiveCfg = Release|Any CPU
		{8C7B0807-45D8-4516-8A49-0725A799A6C1}.Release|Any CPU.Build.0 = Release|Any CPU
	EndGlobalSection
	GlobalSection(SolutionProperties) = preSolution
		HideSolutionNode = FALSE
	EndGlobalSection
	GlobalSection(ExtensibilityGlobals) = postSolution
		SolutionGuid = {4C6F724E-3A05-4160-8D1A-B335B78C8A1F}
	EndGlobalSection
EndGlobal
